{
  "originHash" : "f9e1b49e633b37d0299aba226760be1612851501c279c96573167a94bcab3daf",
  "pins" : [
    {
      "identity" : "simplycoreaudio",
      "kind" : "remoteSourceControl",
      "location" : "https://github.com/rnine/SimplyCoreAudio.git",
      "state" : {
        "branch" : "develop",
        "revision" : "343d463cffef1f30458d02ce2dc441138e9e0134"
      }
    },
    {
      "identity" : "sweep",
      "kind" : "remoteSourceControl",
      "location" : "https://github.com/JohnSundell/Sweep.git",
      "state" : {
        "revision" : "801c2878e4c6c5baf32fe132e1f3f3af6f9fd1b0",
        "version" : "0.4.0"
      }
    },
    {
      "identity" : "swift-atomics",
      "kind" : "remoteSourceControl",
      "location" : "https://github.com/apple/swift-atomics.git",
      "state" : {
        "revision" : "3e95ba32cd1b4c877f6163e8eea54afc4e63bf9f",
        "version" : "0.0.3"
      }
    }
  ],
  "version" : 3
}
